// !$*UTF8*$!
{
	archiveVersion = 1;
	classes = {
	};
	objectVersion = 50;
	objects = {

/* Begin PBXBuildFile section */
		A9816B302450BCB000A3AA83 /* AppDelegate.swift in Sources */ = {isa = PBXBuildFile; fileRef = A9816B2F2450BCB000A3AA83 /* AppDelegate.swift */; };
		A9816B322450BCB000A3AA83 /* SceneDelegate.swift in Sources */ = {isa = PBXBuildFile; fileRef = A9816B312450BCB000A3AA83 /* SceneDelegate.swift */; };
		A9816B342450BCB000A3AA83 /* ViewController.swift in Sources */ = {isa = PBXBuildFile; fileRef = A9816B332450BCB000A3AA83 /* ViewController.swift */; };
		A9816B372450BCB000A3AA83 /* Main.storyboard in Resources */ = {isa = PBXBuildFile; fileRef = A9816B352450BCB000A3AA83 /* Main.storyboard */; };
		A9816B392450BCB400A3AA83 /* Assets.xcassets in Resources */ = {isa = PBXBuildFile; fileRef = A9816B382450BCB400A3AA83 /* Assets.xcassets */; };
		A9816B3C2450BCB400A3AA83 /* LaunchScreen.storyboard in Resources */ = {isa = PBXBuildFile; fileRef = A9816B3A2450BCB400A3AA83 /* LaunchScreen.storyboard */; };
		A9816B502450D71200A3AA83 /* DSPKernel.hpp in Resources */ = {isa = PBXBuildFile; fileRef = A9816B4F2450D71200A3AA83 /* DSPKernel.hpp */; };
		A9816B542450D71200A3AA83 /* BufferedAudioBus.hpp in Resources */ = {isa = PBXBuildFile; fileRef = A9816B532450D71200A3AA83 /* BufferedAudioBus.hpp */; };
		A9816B572450D71200A3AA83 /* appexDSPKernel.hpp in Resources */ = {isa = PBXBuildFile; fileRef = A9816B562450D71200A3AA83 /* appexDSPKernel.hpp */; };
		A9816B642450D71200A3AA83 /* MainInterface.storyboard in Resources */ = {isa = PBXBuildFile; fileRef = A9816B622450D71200A3AA83 /* MainInterface.storyboard */; };
		A9816B682450D71200A3AA83 /* appex.appex in Embed App Extensions */ = {isa = PBXBuildFile; fileRef = A9816B472450D71200A3AA83 /* appex.appex */; settings = {ATTRIBUTES = (RemoveHeadersOnCopy, ); }; };
		A9831AF02452133E003C3E0C /* au_framework.h in Headers */ = {isa = PBXBuildFile; fileRef = A9831AEE2452133E003C3E0C /* au_framework.h */; settings = {ATTRIBUTES = (Public, ); }; };
		A9831AF32452133E003C3E0C /* au_framework.framework in Frameworks */ = {isa = PBXBuildFile; fileRef = A9831AEC2452133E003C3E0C /* au_framework.framework */; };
		A9831AF42452133E003C3E0C /* au_framework.framework in Embed Frameworks */ = {isa = PBXBuildFile; fileRef = A9831AEC2452133E003C3E0C /* au_framework.framework */; settings = {ATTRIBUTES = (CodeSignOnCopy, RemoveHeadersOnCopy, ); }; };
		A9831AF92452140D003C3E0C /* appexDSPKernelAdapter.h in Headers */ = {isa = PBXBuildFile; fileRef = A9816B552450D71200A3AA83 /* appexDSPKernelAdapter.h */; settings = {ATTRIBUTES = (Public, ); }; };
		A9831AFB245214B9003C3E0C /* au_framework.framework in Frameworks */ = {isa = PBXBuildFile; fileRef = A9831AEC2452133E003C3E0C /* au_framework.framework */; };
		A9831AFC245214B9003C3E0C /* au_framework.framework in Embed Frameworks */ = {isa = PBXBuildFile; fileRef = A9831AEC2452133E003C3E0C /* au_framework.framework */; settings = {ATTRIBUTES = (CodeSignOnCopy, RemoveHeadersOnCopy, ); }; };
		A9831B0324521562003C3E0C /* appexAudioUnit.m in Sources */ = {isa = PBXBuildFile; fileRef = A9816B4B2450D71200A3AA83 /* appexAudioUnit.m */; };
		A9831B0424521565003C3E0C /* appexDSPKernel.mm in Sources */ = {isa = PBXBuildFile; fileRef = A9816B582450D71200A3AA83 /* appexDSPKernel.mm */; };
		A9831B0524521569003C3E0C /* DSPKernel.mm in Sources */ = {isa = PBXBuildFile; fileRef = A9816B512450D71200A3AA83 /* DSPKernel.mm */; };
		A9831B062452159E003C3E0C /* appexAudioUnit.h in Headers */ = {isa = PBXBuildFile; fileRef = A9816B4A2450D71200A3AA83 /* appexAudioUnit.h */; settings = {ATTRIBUTES = (Public, ); }; };
		A9831B07245215A0003C3E0C /* appexDSPKernel.hpp in Headers */ = {isa = PBXBuildFile; fileRef = A9816B562450D71200A3AA83 /* appexDSPKernel.hpp */; };
		A9831B08245215A6003C3E0C /* DSPKernel.hpp in Headers */ = {isa = PBXBuildFile; fileRef = A9816B4F2450D71200A3AA83 /* DSPKernel.hpp */; };
		A9831B09245215AA003C3E0C /* BufferedAudioBus.hpp in Headers */ = {isa = PBXBuildFile; fileRef = A9816B532450D71200A3AA83 /* BufferedAudioBus.hpp */; };
		A9831B0A245215DB003C3E0C /* AudioUnitViewController.swift in Sources */ = {isa = PBXBuildFile; fileRef = A9816B5B2450D71200A3AA83 /* AudioUnitViewController.swift */; };
		A9831B0C2452187F003C3E0C /* AudioUnitViewController.swift in Sources */ = {isa = PBXBuildFile; fileRef = A9831B0B2452187F003C3E0C /* AudioUnitViewController.swift */; };
/* End PBXBuildFile section */

/* Begin PBXContainerItemProxy section */
		A9816B662450D71200A3AA83 /* PBXContainerItemProxy */ = {
			isa = PBXContainerItemProxy;
			containerPortal = A9816B242450BCB000A3AA83 /* Project object */;
			proxyType = 1;
			remoteGlobalIDString = A9816B462450D71200A3AA83;
			remoteInfo = appex;
		};
		A9831AF12452133E003C3E0C /* PBXContainerItemProxy */ = {
			isa = PBXContainerItemProxy;
			containerPortal = A9816B242450BCB000A3AA83 /* Project object */;
			proxyType = 1;
			remoteGlobalIDString = A9831AEB2452133E003C3E0C;
			remoteInfo = "au-framework";
		};
		A9831AFD245214B9003C3E0C /* PBXContainerItemProxy */ = {
			isa = PBXContainerItemProxy;
			containerPortal = A9816B242450BCB000A3AA83 /* Project object */;
			proxyType = 1;
			remoteGlobalIDString = A9831AEB2452133E003C3E0C;
			remoteInfo = "au-framework";
		};
/* End PBXContainerItemProxy section */

/* Begin PBXCopyFilesBuildPhase section */
		A9816B6C2450D71200A3AA83 /* Embed App Extensions */ = {
			isa = PBXCopyFilesBuildPhase;
			buildActionMask = 2147483647;
			dstPath = "";
			dstSubfolderSpec = 13;
			files = (
				A9816B682450D71200A3AA83 /* appex.appex in Embed App Extensions */,
			);
			name = "Embed App Extensions";
			runOnlyForDeploymentPostprocessing = 0;
		};
		A9831AF82452133E003C3E0C /* Embed Frameworks */ = {
			isa = PBXCopyFilesBuildPhase;
			buildActionMask = 2147483647;
			dstPath = "";
			dstSubfolderSpec = 10;
			files = (
				A9831AF42452133E003C3E0C /* au_framework.framework in Embed Frameworks */,
			);
			name = "Embed Frameworks";
			runOnlyForDeploymentPostprocessing = 0;
		};
		A9831AFF245214B9003C3E0C /* Embed Frameworks */ = {
			isa = PBXCopyFilesBuildPhase;
			buildActionMask = 2147483647;
			dstPath = "";
			dstSubfolderSpec = 10;
			files = (
				A9831AFC245214B9003C3E0C /* au_framework.framework in Embed Frameworks */,
			);
			name = "Embed Frameworks";
			runOnlyForDeploymentPostprocessing = 0;
		};
/* End PBXCopyFilesBuildPhase section */

/* Begin PBXFileReference section */
		A9816B2C2450BCB000A3AA83 /* au-test.app */ = {isa = PBXFileReference; explicitFileType = wrapper.application; includeInIndex = 0; path = "au-test.app"; sourceTree = BUILT_PRODUCTS_DIR; };
		A9816B2F2450BCB000A3AA83 /* AppDelegate.swift */ = {isa = PBXFileReference; lastKnownFileType = sourcecode.swift; path = AppDelegate.swift; sourceTree = "<group>"; };
		A9816B312450BCB000A3AA83 /* SceneDelegate.swift */ = {isa = PBXFileReference; lastKnownFileType = sourcecode.swift; path = SceneDelegate.swift; sourceTree = "<group>"; };
		A9816B332450BCB000A3AA83 /* ViewController.swift */ = {isa = PBXFileReference; lastKnownFileType = sourcecode.swift; path = ViewController.swift; sourceTree = "<group>"; };
		A9816B362450BCB000A3AA83 /* Base */ = {isa = PBXFileReference; lastKnownFileType = file.storyboard; name = Base; path = Base.lproj/Main.storyboard; sourceTree = "<group>"; };
		A9816B382450BCB400A3AA83 /* Assets.xcassets */ = {isa = PBXFileReference; lastKnownFileType = folder.assetcatalog; path = Assets.xcassets; sourceTree = "<group>"; };
		A9816B3B2450BCB400A3AA83 /* Base */ = {isa = PBXFileReference; lastKnownFileType = file.storyboard; name = Base; path = Base.lproj/LaunchScreen.storyboard; sourceTree = "<group>"; };
		A9816B3D2450BCB400A3AA83 /* Info.plist */ = {isa = PBXFileReference; lastKnownFileType = text.plist.xml; path = Info.plist; sourceTree = "<group>"; };
		A9816B472450D71200A3AA83 /* appex.appex */ = {isa = PBXFileReference; explicitFileType = "wrapper.app-extension"; includeInIndex = 0; path = appex.appex; sourceTree = BUILT_PRODUCTS_DIR; };
		A9816B4A2450D71200A3AA83 /* appexAudioUnit.h */ = {isa = PBXFileReference; lastKnownFileType = sourcecode.c.h; path = appexAudioUnit.h; sourceTree = "<group>"; };
		A9816B4B2450D71200A3AA83 /* appexAudioUnit.m */ = {isa = PBXFileReference; lastKnownFileType = sourcecode.c.objc; path = appexAudioUnit.m; sourceTree = "<group>"; };
		A9816B4F2450D71200A3AA83 /* DSPKernel.hpp */ = {isa = PBXFileReference; lastKnownFileType = sourcecode.cpp.h; path = DSPKernel.hpp; sourceTree = "<group>"; };
		A9816B512450D71200A3AA83 /* DSPKernel.mm */ = {isa = PBXFileReference; lastKnownFileType = sourcecode.cpp.objcpp; path = DSPKernel.mm; sourceTree = "<group>"; };
		A9816B532450D71200A3AA83 /* BufferedAudioBus.hpp */ = {isa = PBXFileReference; lastKnownFileType = sourcecode.cpp.h; path = BufferedAudioBus.hpp; sourceTree = "<group>"; };
		A9816B552450D71200A3AA83 /* appexDSPKernelAdapter.h */ = {isa = PBXFileReference; lastKnownFileType = sourcecode.c.h; path = appexDSPKernelAdapter.h; sourceTree = "<group>"; };
		A9816B562450D71200A3AA83 /* appexDSPKernel.hpp */ = {isa = PBXFileReference; lastKnownFileType = sourcecode.cpp.h; path = appexDSPKernel.hpp; sourceTree = "<group>"; };
		A9816B582450D71200A3AA83 /* appexDSPKernel.mm */ = {isa = PBXFileReference; lastKnownFileType = sourcecode.cpp.objcpp; path = appexDSPKernel.mm; sourceTree = "<group>"; };
		A9816B5B2450D71200A3AA83 /* AudioUnitViewController.swift */ = {isa = PBXFileReference; lastKnownFileType = sourcecode.swift; path = AudioUnitViewController.swift; sourceTree = "<group>"; };
		A9816B632450D71200A3AA83 /* Base */ = {isa = PBXFileReference; lastKnownFileType = file.storyboard; name = Base; path = Base.lproj/MainInterface.storyboard; sourceTree = "<group>"; };
		A9816B652450D71200A3AA83 /* Info.plist */ = {isa = PBXFileReference; lastKnownFileType = text.plist.xml; path = Info.plist; sourceTree = "<group>"; };
		A9831AEC2452133E003C3E0C /* au_framework.framework */ = {isa = PBXFileReference; explicitFileType = wrapper.framework; includeInIndex = 0; path = au_framework.framework; sourceTree = BUILT_PRODUCTS_DIR; };
		A9831AEE2452133E003C3E0C /* au_framework.h */ = {isa = PBXFileReference; lastKnownFileType = sourcecode.c.h; path = au_framework.h; sourceTree = "<group>"; };
		A9831AEF2452133E003C3E0C /* Info.plist */ = {isa = PBXFileReference; lastKnownFileType = text.plist.xml; path = Info.plist; sourceTree = "<group>"; };
		A9831B0B2452187F003C3E0C /* AudioUnitViewController.swift */ = {isa = PBXFileReference; lastKnownFileType = sourcecode.swift; path = AudioUnitViewController.swift; sourceTree = "<group>"; };
/* End PBXFileReference section */

/* Begin PBXFrameworksBuildPhase section */
		A9816B292450BCB000A3AA83 /* Frameworks */ = {
			isa = PBXFrameworksBuildPhase;
			buildActionMask = 2147483647;
			files = (
				A9831AF32452133E003C3E0C /* au_framework.framework in Frameworks */,
			);
			runOnlyForDeploymentPostprocessing = 0;
		};
		A9816B442450D71200A3AA83 /* Frameworks */ = {
			isa = PBXFrameworksBuildPhase;
			buildActionMask = 2147483647;
			files = (
				A9831AFB245214B9003C3E0C /* au_framework.framework in Frameworks */,
			);
			runOnlyForDeploymentPostprocessing = 0;
		};
		A9831AE92452133E003C3E0C /* Frameworks */ = {
			isa = PBXFrameworksBuildPhase;
			buildActionMask = 2147483647;
			files = (
			);
			runOnlyForDeploymentPostprocessing = 0;
		};
/* End PBXFrameworksBuildPhase section */

/* Begin PBXGroup section */
		A9816B232450BCB000A3AA83 = {
			isa = PBXGroup;
			children = (
				A9816B2E2450BCB000A3AA83 /* au-test */,
				A9831AED2452133E003C3E0C /* au-framework */,
				A9816B482450D71200A3AA83 /* appex */,
				A9816B2D2450BCB000A3AA83 /* Products */,
				A9831AFA245214B9003C3E0C /* Frameworks */,
			);
			sourceTree = "<group>";
		};
		A9816B2D2450BCB000A3AA83 /* Products */ = {
			isa = PBXGroup;
			children = (
				A9816B2C2450BCB000A3AA83 /* au-test.app */,
				A9816B472450D71200A3AA83 /* appex.appex */,
				A9831AEC2452133E003C3E0C /* au_framework.framework */,
			);
			name = Products;
			sourceTree = "<group>";
		};
		A9816B2E2450BCB000A3AA83 /* au-test */ = {
			isa = PBXGroup;
			children = (
				A9816B2F2450BCB000A3AA83 /* AppDelegate.swift */,
				A9816B312450BCB000A3AA83 /* SceneDelegate.swift */,
				A9816B332450BCB000A3AA83 /* ViewController.swift */,
				A9816B352450BCB000A3AA83 /* Main.storyboard */,
				A9816B382450BCB400A3AA83 /* Assets.xcassets */,
				A9816B3A2450BCB400A3AA83 /* LaunchScreen.storyboard */,
				A9816B3D2450BCB400A3AA83 /* Info.plist */,
			);
			path = "au-test";
			sourceTree = "<group>";
		};
		A9816B482450D71200A3AA83 /* appex */ = {
			isa = PBXGroup;
			children = (
				A9816B622450D71200A3AA83 /* MainInterface.storyboard */,
				A9816B652450D71200A3AA83 /* Info.plist */,
				A9816B5A2450D71200A3AA83 /* UI */,
			);
			path = appex;
			sourceTree = "<group>";
		};
		A9816B492450D71200A3AA83 /* Audio Unit */ = {
			isa = PBXGroup;
			children = (
				A9816B4A2450D71200A3AA83 /* appexAudioUnit.h */,
				A9816B4B2450D71200A3AA83 /* appexAudioUnit.m */,
			);
			path = "Audio Unit";
			sourceTree = "<group>";
		};
		A9816B4D2450D71200A3AA83 /* DSP */ = {
			isa = PBXGroup;
			children = (
				A9816B562450D71200A3AA83 /* appexDSPKernel.hpp */,
				A9816B552450D71200A3AA83 /* appexDSPKernelAdapter.h */,
				A9816B582450D71200A3AA83 /* appexDSPKernel.mm */,
				A9816B4E2450D71200A3AA83 /* Helpers */,
			);
			path = DSP;
			sourceTree = "<group>";
		};
		A9816B4E2450D71200A3AA83 /* Helpers */ = {
			isa = PBXGroup;
			children = (
				A9816B4F2450D71200A3AA83 /* DSPKernel.hpp */,
				A9816B512450D71200A3AA83 /* DSPKernel.mm */,
				A9816B532450D71200A3AA83 /* BufferedAudioBus.hpp */,
			);
			path = Helpers;
			sourceTree = "<group>";
		};
		A9816B5A2450D71200A3AA83 /* UI */ = {
			isa = PBXGroup;
			children = (
				A9816B5B2450D71200A3AA83 /* AudioUnitViewController.swift */,
			);
			path = UI;
			sourceTree = "<group>";
		};
		A9831AED2452133E003C3E0C /* au-framework */ = {
			isa = PBXGroup;
			children = (
				A9831B0B2452187F003C3E0C /* AudioUnitViewController.swift */,
				A9816B492450D71200A3AA83 /* Audio Unit */,
				A9816B4D2450D71200A3AA83 /* DSP */,
				A9831AEE2452133E003C3E0C /* au_framework.h */,
				A9831AEF2452133E003C3E0C /* Info.plist */,
			);
			path = "au-framework";
			sourceTree = "<group>";
		};
		A9831AFA245214B9003C3E0C /* Frameworks */ = {
			isa = PBXGroup;
			children = (
			);
			name = Frameworks;
			sourceTree = "<group>";
		};
/* End PBXGroup section */

/* Begin PBXHeadersBuildPhase section */
		A9831AE72452133E003C3E0C /* Headers */ = {
			isa = PBXHeadersBuildPhase;
			buildActionMask = 2147483647;
			files = (
				A9831AF92452140D003C3E0C /* appexDSPKernelAdapter.h in Headers */,
				A9831B08245215A6003C3E0C /* DSPKernel.hpp in Headers */,
				A9831AF02452133E003C3E0C /* au_framework.h in Headers */,
				A9831B07245215A0003C3E0C /* appexDSPKernel.hpp in Headers */,
				A9831B062452159E003C3E0C /* appexAudioUnit.h in Headers */,
				A9831B09245215AA003C3E0C /* BufferedAudioBus.hpp in Headers */,
			);
			runOnlyForDeploymentPostprocessing = 0;
		};
/* End PBXHeadersBuildPhase section */

/* Begin PBXNativeTarget section */
		A9816B2B2450BCB000A3AA83 /* au-test */ = {
			isa = PBXNativeTarget;
			buildConfigurationList = A9816B402450BCB400A3AA83 /* Build configuration list for PBXNativeTarget "au-test" */;
			buildPhases = (
				A9816B282450BCB000A3AA83 /* Sources */,
				A9816B292450BCB000A3AA83 /* Frameworks */,
				A9816B2A2450BCB000A3AA83 /* Resources */,
				A9816B6C2450D71200A3AA83 /* Embed App Extensions */,
				A9831AF82452133E003C3E0C /* Embed Frameworks */,
			);
			buildRules = (
			);
			dependencies = (
				A9816B672450D71200A3AA83 /* PBXTargetDependency */,
				A9831AF22452133E003C3E0C /* PBXTargetDependency */,
			);
			name = "au-test";
			productName = "au-test";
			productReference = A9816B2C2450BCB000A3AA83 /* au-test.app */;
			productType = "com.apple.product-type.application";
		};
		A9816B462450D71200A3AA83 /* appex */ = {
			isa = PBXNativeTarget;
			buildConfigurationList = A9816B692450D71200A3AA83 /* Build configuration list for PBXNativeTarget "appex" */;
			buildPhases = (
				A9816B432450D71200A3AA83 /* Sources */,
				A9816B442450D71200A3AA83 /* Frameworks */,
				A9816B452450D71200A3AA83 /* Resources */,
				A9831AFF245214B9003C3E0C /* Embed Frameworks */,
			);
			buildRules = (
			);
			dependencies = (
				A9831AFE245214B9003C3E0C /* PBXTargetDependency */,
			);
			name = appex;
			productName = appex;
			productReference = A9816B472450D71200A3AA83 /* appex.appex */;
			productType = "com.apple.product-type.app-extension";
		};
		A9831AEB2452133E003C3E0C /* au-framework */ = {
			isa = PBXNativeTarget;
			buildConfigurationList = A9831AF52452133E003C3E0C /* Build configuration list for PBXNativeTarget "au-framework" */;
			buildPhases = (
				A9831AE72452133E003C3E0C /* Headers */,
				A9831AE82452133E003C3E0C /* Sources */,
				A9831AE92452133E003C3E0C /* Frameworks */,
				A9831AEA2452133E003C3E0C /* Resources */,
			);
			buildRules = (
			);
			dependencies = (
			);
			name = "au-framework";
			productName = "au-framework";
			productReference = A9831AEC2452133E003C3E0C /* au_framework.framework */;
			productType = "com.apple.product-type.framework";
		};
/* End PBXNativeTarget section */

/* Begin PBXProject section */
		A9816B242450BCB000A3AA83 /* Project object */ = {
			isa = PBXProject;
			attributes = {
				LastSwiftUpdateCheck = 1140;
				LastUpgradeCheck = 1140;
				ORGANIZATIONNAME = "Vinícius Chagas";
				TargetAttributes = {
					A9816B2B2450BCB000A3AA83 = {
						CreatedOnToolsVersion = 11.4.1;
					};
					A9816B462450D71200A3AA83 = {
						CreatedOnToolsVersion = 11.4.1;
					};
					A9831AEB2452133E003C3E0C = {
						CreatedOnToolsVersion = 11.4.1;
					};
				};
			};
			buildConfigurationList = A9816B272450BCB000A3AA83 /* Build configuration list for PBXProject "au-test" */;
			compatibilityVersion = "Xcode 9.3";
			developmentRegion = en;
			hasScannedForEncodings = 0;
			knownRegions = (
				en,
				Base,
			);
			mainGroup = A9816B232450BCB000A3AA83;
			productRefGroup = A9816B2D2450BCB000A3AA83 /* Products */;
			projectDirPath = "";
			projectRoot = "";
			targets = (
				A9816B2B2450BCB000A3AA83 /* au-test */,
				A9816B462450D71200A3AA83 /* appex */,
				A9831AEB2452133E003C3E0C /* au-framework */,
			);
		};
/* End PBXProject section */

/* Begin PBXResourcesBuildPhase section */
		A9816B2A2450BCB000A3AA83 /* Resources */ = {
			isa = PBXResourcesBuildPhase;
			buildActionMask = 2147483647;
			files = (
				A9816B3C2450BCB400A3AA83 /* LaunchScreen.storyboard in Resources */,
				A9816B392450BCB400A3AA83 /* Assets.xcassets in Resources */,
				A9816B372450BCB000A3AA83 /* Main.storyboard in Resources */,
			);
			runOnlyForDeploymentPostprocessing = 0;
		};
		A9816B452450D71200A3AA83 /* Resources */ = {
			isa = PBXResourcesBuildPhase;
			buildActionMask = 2147483647;
			files = (
				A9816B502450D71200A3AA83 /* DSPKernel.hpp in Resources */,
				A9816B642450D71200A3AA83 /* MainInterface.storyboard in Resources */,
				A9816B542450D71200A3AA83 /* BufferedAudioBus.hpp in Resources */,
				A9816B572450D71200A3AA83 /* appexDSPKernel.hpp in Resources */,
			);
			runOnlyForDeploymentPostprocessing = 0;
		};
		A9831AEA2452133E003C3E0C /* Resources */ = {
			isa = PBXResourcesBuildPhase;
			buildActionMask = 2147483647;
			files = (
			);
			runOnlyForDeploymentPostprocessing = 0;
		};
/* End PBXResourcesBuildPhase section */

/* Begin PBXSourcesBuildPhase section */
		A9816B282450BCB000A3AA83 /* Sources */ = {
			isa = PBXSourcesBuildPhase;
			buildActionMask = 2147483647;
			files = (
				A9816B342450BCB000A3AA83 /* ViewController.swift in Sources */,
				A9816B302450BCB000A3AA83 /* AppDelegate.swift in Sources */,
				A9816B322450BCB000A3AA83 /* SceneDelegate.swift in Sources */,
			);
			runOnlyForDeploymentPostprocessing = 0;
		};
		A9816B432450D71200A3AA83 /* Sources */ = {
			isa = PBXSourcesBuildPhase;
			buildActionMask = 2147483647;
			files = (
				A9831B0A245215DB003C3E0C /* AudioUnitViewController.swift in Sources */,
			);
			runOnlyForDeploymentPostprocessing = 0;
		};
		A9831AE82452133E003C3E0C /* Sources */ = {
			isa = PBXSourcesBuildPhase;
			buildActionMask = 2147483647;
			files = (
				A9831B0524521569003C3E0C /* DSPKernel.mm in Sources */,
				A9831B0424521565003C3E0C /* appexDSPKernel.mm in Sources */,
				A9831B0324521562003C3E0C /* appexAudioUnit.m in Sources */,
				A9831B0C2452187F003C3E0C /* AudioUnitViewController.swift in Sources */,
			);
			runOnlyForDeploymentPostprocessing = 0;
		};
/* End PBXSourcesBuildPhase section */

/* Begin PBXTargetDependency section */
		A9816B672450D71200A3AA83 /* PBXTargetDependency */ = {
			isa = PBXTargetDependency;
			target = A9816B462450D71200A3AA83 /* appex */;
			targetProxy = A9816B662450D71200A3AA83 /* PBXContainerItemProxy */;
		};
		A9831AF22452133E003C3E0C /* PBXTargetDependency */ = {
			isa = PBXTargetDependency;
			target = A9831AEB2452133E003C3E0C /* au-framework */;
			targetProxy = A9831AF12452133E003C3E0C /* PBXContainerItemProxy */;
		};
		A9831AFE245214B9003C3E0C /* PBXTargetDependency */ = {
			isa = PBXTargetDependency;
			target = A9831AEB2452133E003C3E0C /* au-framework */;
			targetProxy = A9831AFD245214B9003C3E0C /* PBXContainerItemProxy */;
		};
/* End PBXTargetDependency section */

/* Begin PBXVariantGroup section */
		A9816B352450BCB000A3AA83 /* Main.storyboard */ = {
			isa = PBXVariantGroup;
			children = (
				A9816B362450BCB000A3AA83 /* Base */,
			);
			name = Main.storyboard;
			sourceTree = "<group>";
		};
		A9816B3A2450BCB400A3AA83 /* LaunchScreen.storyboard */ = {
			isa = PBXVariantGroup;
			children = (
				A9816B3B2450BCB400A3AA83 /* Base */,
			);
			name = LaunchScreen.storyboard;
			sourceTree = "<group>";
		};
		A9816B622450D71200A3AA83 /* MainInterface.storyboard */ = {
			isa = PBXVariantGroup;
			children = (
				A9816B632450D71200A3AA83 /* Base */,
			);
			name = MainInterface.storyboard;
			sourceTree = "<group>";
		};
/* End PBXVariantGroup section */

/* Begin XCBuildConfiguration section */
		A9816B3E2450BCB400A3AA83 /* Debug */ = {
			isa = XCBuildConfiguration;
			buildSettings = {
				ALWAYS_SEARCH_USER_PATHS = NO;
				CLANG_ANALYZER_NONNULL = YES;
				CLANG_ANALYZER_NUMBER_OBJECT_CONVERSION = YES_AGGRESSIVE;
				CLANG_CXX_LANGUAGE_STANDARD = "gnu++14";
				CLANG_CXX_LIBRARY = "libc++";
				CLANG_ENABLE_MODULES = YES;
				CLANG_ENABLE_OBJC_ARC = YES;
				CLANG_ENABLE_OBJC_WEAK = YES;
				CLANG_WARN_BLOCK_CAPTURE_AUTORELEASING = YES;
				CLANG_WARN_BOOL_CONVERSION = YES;
				CLANG_WARN_COMMA = YES;
				CLANG_WARN_CONSTANT_CONVERSION = YES;
				CLANG_WARN_DEPRECATED_OBJC_IMPLEMENTATIONS = YES;
				CLANG_WARN_DIRECT_OBJC_ISA_USAGE = YES_ERROR;
				CLANG_WARN_DOCUMENTATION_COMMENTS = YES;
				CLANG_WARN_EMPTY_BODY = YES;
				CLANG_WARN_ENUM_CONVERSION = YES;
				CLANG_WARN_INFINITE_RECURSION = YES;
				CLANG_WARN_INT_CONVERSION = YES;
				CLANG_WARN_NON_LITERAL_NULL_CONVERSION = YES;
				CLANG_WARN_OBJC_IMPLICIT_RETAIN_SELF = YES;
				CLANG_WARN_OBJC_LITERAL_CONVERSION = YES;
				CLANG_WARN_OBJC_ROOT_CLASS = YES_ERROR;
				CLANG_WARN_RANGE_LOOP_ANALYSIS = YES;
				CLANG_WARN_STRICT_PROTOTYPES = YES;
				CLANG_WARN_SUSPICIOUS_MOVE = YES;
				CLANG_WARN_UNGUARDED_AVAILABILITY = YES_AGGRESSIVE;
				CLANG_WARN_UNREACHABLE_CODE = YES;
				CLANG_WARN__DUPLICATE_METHOD_MATCH = YES;
				COPY_PHASE_STRIP = NO;
				DEBUG_INFORMATION_FORMAT = dwarf;
				ENABLE_STRICT_OBJC_MSGSEND = YES;
				ENABLE_TESTABILITY = YES;
				GCC_C_LANGUAGE_STANDARD = gnu11;
				GCC_DYNAMIC_NO_PIC = NO;
				GCC_NO_COMMON_BLOCKS = YES;
				GCC_OPTIMIZATION_LEVEL = 0;
				GCC_PREPROCESSOR_DEFINITIONS = (
					"DEBUG=1",
					"$(inherited)",
				);
				GCC_WARN_64_TO_32_BIT_CONVERSION = YES;
				GCC_WARN_ABOUT_RETURN_TYPE = YES_ERROR;
				GCC_WARN_UNDECLARED_SELECTOR = YES;
				GCC_WARN_UNINITIALIZED_AUTOS = YES_AGGRESSIVE;
				GCC_WARN_UNUSED_FUNCTION = YES;
				GCC_WARN_UNUSED_VARIABLE = YES;
				IPHONEOS_DEPLOYMENT_TARGET = 13.4;
				MTL_ENABLE_DEBUG_INFO = INCLUDE_SOURCE;
				MTL_FAST_MATH = YES;
				ONLY_ACTIVE_ARCH = YES;
				SDKROOT = iphoneos;
				SWIFT_ACTIVE_COMPILATION_CONDITIONS = DEBUG;
				SWIFT_OPTIMIZATION_LEVEL = "-Onone";
				SWIFT_PRECOMPILE_BRIDGING_HEADER = YES;
			};
			name = Debug;
		};
		A9816B3F2450BCB400A3AA83 /* Release */ = {
			isa = XCBuildConfiguration;
			buildSettings = {
				ALWAYS_SEARCH_USER_PATHS = NO;
				CLANG_ANALYZER_NONNULL = YES;
				CLANG_ANALYZER_NUMBER_OBJECT_CONVERSION = YES_AGGRESSIVE;
				CLANG_CXX_LANGUAGE_STANDARD = "gnu++14";
				CLANG_CXX_LIBRARY = "libc++";
				CLANG_ENABLE_MODULES = YES;
				CLANG_ENABLE_OBJC_ARC = YES;
				CLANG_ENABLE_OBJC_WEAK = YES;
				CLANG_WARN_BLOCK_CAPTURE_AUTORELEASING = YES;
				CLANG_WARN_BOOL_CONVERSION = YES;
				CLANG_WARN_COMMA = YES;
				CLANG_WARN_CONSTANT_CONVERSION = YES;
				CLANG_WARN_DEPRECATED_OBJC_IMPLEMENTATIONS = YES;
				CLANG_WARN_DIRECT_OBJC_ISA_USAGE = YES_ERROR;
				CLANG_WARN_DOCUMENTATION_COMMENTS = YES;
				CLANG_WARN_EMPTY_BODY = YES;
				CLANG_WARN_ENUM_CONVERSION = YES;
				CLANG_WARN_INFINITE_RECURSION = YES;
				CLANG_WARN_INT_CONVERSION = YES;
				CLANG_WARN_NON_LITERAL_NULL_CONVERSION = YES;
				CLANG_WARN_OBJC_IMPLICIT_RETAIN_SELF = YES;
				CLANG_WARN_OBJC_LITERAL_CONVERSION = YES;
				CLANG_WARN_OBJC_ROOT_CLASS = YES_ERROR;
				CLANG_WARN_RANGE_LOOP_ANALYSIS = YES;
				CLANG_WARN_STRICT_PROTOTYPES = YES;
				CLANG_WARN_SUSPICIOUS_MOVE = YES;
				CLANG_WARN_UNGUARDED_AVAILABILITY = YES_AGGRESSIVE;
				CLANG_WARN_UNREACHABLE_CODE = YES;
				CLANG_WARN__DUPLICATE_METHOD_MATCH = YES;
				COPY_PHASE_STRIP = NO;
				DEBUG_INFORMATION_FORMAT = "dwarf-with-dsym";
				ENABLE_NS_ASSERTIONS = NO;
				ENABLE_STRICT_OBJC_MSGSEND = YES;
				GCC_C_LANGUAGE_STANDARD = gnu11;
				GCC_NO_COMMON_BLOCKS = YES;
				GCC_WARN_64_TO_32_BIT_CONVERSION = YES;
				GCC_WARN_ABOUT_RETURN_TYPE = YES_ERROR;
				GCC_WARN_UNDECLARED_SELECTOR = YES;
				GCC_WARN_UNINITIALIZED_AUTOS = YES_AGGRESSIVE;
				GCC_WARN_UNUSED_FUNCTION = YES;
				GCC_WARN_UNUSED_VARIABLE = YES;
				IPHONEOS_DEPLOYMENT_TARGET = 13.4;
				MTL_ENABLE_DEBUG_INFO = NO;
				MTL_FAST_MATH = YES;
				SDKROOT = iphoneos;
				SWIFT_COMPILATION_MODE = wholemodule;
				SWIFT_OPTIMIZATION_LEVEL = "-O";
				SWIFT_PRECOMPILE_BRIDGING_HEADER = YES;
				VALIDATE_PRODUCT = YES;
			};
			name = Release;
		};
		A9816B412450BCB400A3AA83 /* Debug */ = {
			isa = XCBuildConfiguration;
			buildSettings = {
				ALWAYS_EMBED_SWIFT_STANDARD_LIBRARIES = YES;
				ASSETCATALOG_COMPILER_APPICON_NAME = AppIcon;
				CODE_SIGN_STYLE = Automatic;
				DEVELOPMENT_TEAM = VWQ6K2W3PY;
				INFOPLIST_FILE = "au-test/Info.plist";
				LD_RUNPATH_SEARCH_PATHS = (
					"$(inherited)",
					"@executable_path/Frameworks",
				);
				PRODUCT_BUNDLE_IDENTIFIER = "com.vcsoares.au-test";
				PRODUCT_NAME = "$(TARGET_NAME)";
				SWIFT_PRECOMPILE_BRIDGING_HEADER = NO;
				SWIFT_VERSION = 5.0;
				TARGETED_DEVICE_FAMILY = "1,2";
			};
			name = Debug;
		};
		A9816B422450BCB400A3AA83 /* Release */ = {
			isa = XCBuildConfiguration;
			buildSettings = {
				ALWAYS_EMBED_SWIFT_STANDARD_LIBRARIES = YES;
				ASSETCATALOG_COMPILER_APPICON_NAME = AppIcon;
				CODE_SIGN_STYLE = Automatic;
				DEVELOPMENT_TEAM = VWQ6K2W3PY;
				INFOPLIST_FILE = "au-test/Info.plist";
				LD_RUNPATH_SEARCH_PATHS = (
					"$(inherited)",
					"@executable_path/Frameworks",
				);
				PRODUCT_BUNDLE_IDENTIFIER = "com.vcsoares.au-test";
				PRODUCT_NAME = "$(TARGET_NAME)";
				SWIFT_PRECOMPILE_BRIDGING_HEADER = NO;
				SWIFT_VERSION = 5.0;
				TARGETED_DEVICE_FAMILY = "1,2";
			};
			name = Release;
		};
		A9816B6A2450D71200A3AA83 /* Debug */ = {
			isa = XCBuildConfiguration;
			buildSettings = {
				CODE_SIGN_STYLE = Automatic;
				DEVELOPMENT_TEAM = VWQ6K2W3PY;
				INFOPLIST_FILE = appex/Info.plist;
				LD_RUNPATH_SEARCH_PATHS = (
					"$(inherited)",
					"@executable_path/Frameworks",
					"@executable_path/../../Frameworks",
				);
				PRODUCT_BUNDLE_IDENTIFIER = "com.vcsoares.au-test.appex";
				PRODUCT_NAME = "$(TARGET_NAME)";
				SKIP_INSTALL = YES;
				SWIFT_OBJC_BRIDGING_HEADER = "";
				SWIFT_VERSION = 5.0;
				TARGETED_DEVICE_FAMILY = "1,2";
			};
			name = Debug;
		};
		A9816B6B2450D71200A3AA83 /* Release */ = {
			isa = XCBuildConfiguration;
			buildSettings = {
				CODE_SIGN_STYLE = Automatic;
				DEVELOPMENT_TEAM = VWQ6K2W3PY;
				INFOPLIST_FILE = appex/Info.plist;
				LD_RUNPATH_SEARCH_PATHS = (
					"$(inherited)",
					"@executable_path/Frameworks",
					"@executable_path/../../Frameworks",
				);
				PRODUCT_BUNDLE_IDENTIFIER = "com.vcsoares.au-test.appex";
				PRODUCT_NAME = "$(TARGET_NAME)";
				SKIP_INSTALL = YES;
				SWIFT_OBJC_BRIDGING_HEADER = "";
				SWIFT_VERSION = 5.0;
				TARGETED_DEVICE_FAMILY = "1,2";
			};
			name = Release;
		};
		A9831AF62452133E003C3E0C /* Debug */ = {
			isa = XCBuildConfiguration;
			buildSettings = {
				CODE_SIGN_STYLE = Automatic;
				CURRENT_PROJECT_VERSION = 1;
				DEFINES_MODULE = YES;
				DEVELOPMENT_TEAM = VWQ6K2W3PY;
				DYLIB_COMPATIBILITY_VERSION = 1;
				DYLIB_CURRENT_VERSION = 1;
				DYLIB_INSTALL_NAME_BASE = "@rpath";
				INFOPLIST_FILE = "au-framework/Info.plist";
				INSTALL_PATH = "$(LOCAL_LIBRARY_DIR)/Frameworks";
				LD_RUNPATH_SEARCH_PATHS = (
					"$(inherited)",
					"@executable_path/Frameworks",
					"@loader_path/Frameworks",
				);
				PRODUCT_BUNDLE_IDENTIFIER = "com.vcsoares.au-framework";
				PRODUCT_NAME = "$(TARGET_NAME:c99extidentifier)";
				SKIP_INSTALL = YES;
				SWIFT_VERSION = 5.0;
				TARGETED_DEVICE_FAMILY = "1,2";
				VERSIONING_SYSTEM = "apple-generic";
				VERSION_INFO_PREFIX = "";
			};
			name = Debug;
		};
		A9831AF72452133E003C3E0C /* Release */ = {
			isa = XCBuildConfiguration;
			buildSettings = {
				CODE_SIGN_STYLE = Automatic;
				CURRENT_PROJECT_VERSION = 1;
				DEFINES_MODULE = YES;
				DEVELOPMENT_TEAM = VWQ6K2W3PY;
				DYLIB_COMPATIBILITY_VERSION = 1;
				DYLIB_CURRENT_VERSION = 1;
				DYLIB_INSTALL_NAME_BASE = "@rpath";
				INFOPLIST_FILE = "au-framework/Info.plist";
				INSTALL_PATH = "$(LOCAL_LIBRARY_DIR)/Frameworks";
				LD_RUNPATH_SEARCH_PATHS = (
					"$(inherited)",
					"@executable_path/Frameworks",
					"@loader_path/Frameworks",
				);
				PRODUCT_BUNDLE_IDENTIFIER = "com.vcsoares.au-framework";
				PRODUCT_NAME = "$(TARGET_NAME:c99extidentifier)";
				SKIP_INSTALL = YES;
				SWIFT_VERSION = 5.0;
				TARGETED_DEVICE_FAMILY = "1,2";
				VERSIONING_SYSTEM = "apple-generic";
				VERSION_INFO_PREFIX = "";
			};
			name = Release;
		};
/* End XCBuildConfiguration section */

/* Begin XCConfigurationList section */
		A9816B272450BCB000A3AA83 /* Build configuration list for PBXProject "au-test" */ = {
			isa = XCConfigurationList;
			buildConfigurations = (
				A9816B3E2450BCB400A3AA83 /* Debug */,
				A9816B3F2450BCB400A3AA83 /* Release */,
			);
			defaultConfigurationIsVisible = 0;
			defaultConfigurationName = Release;
		};
		A9816B402450BCB400A3AA83 /* Build configuration list for PBXNativeTarget "au-test" */ = {
			isa = XCConfigurationList;
			buildConfigurations = (
				A9816B412450BCB400A3AA83 /* Debug */,
				A9816B422450BCB400A3AA83 /* Release */,
			);
			defaultConfigurationIsVisible = 0;
			defaultConfigurationName = Release;
		};
		A9816B692450D71200A3AA83 /* Build configuration list for PBXNativeTarget "appex" */ = {
			isa = XCConfigurationList;
			buildConfigurations = (
				A9816B6A2450D71200A3AA83 /* Debug */,
				A9816B6B2450D71200A3AA83 /* Release */,
			);
			defaultConfigurationIsVisible = 0;
			defaultConfigurationName = Release;
		};
		A9831AF52452133E003C3E0C /* Build configuration list for PBXNativeTarget "au-framework" */ = {
			isa = XCConfigurationList;
			buildConfigurations = (
				A9831AF62452133E003C3E0C /* Debug */,
				A9831AF72452133E003C3E0C /* Release */,
			);
			defaultConfigurationIsVisible = 0;
			defaultConfigurationName = Release;
		};
/* End XCConfigurationList section */
	};
	rootObject = A9816B242450BCB000A3AA83 /* Project object */;
}
